
Microsoft Visual Studio Solution File, Format Version 12.00
# Visual Studio Version 16
VisualStudioVersion = 16.0.29609.76
MinimumVisualStudioVersion = 10.0.40219.1
Project("{FAE04EC0-301F-11D3-BF4B-00C04F79EFBC}") = "vk20", "vk20.csproj", "{07520F00-1FB7-4938-9952-CE4D1EC28E1A}"
EndProject
Global
	GlobalSection(SolutionConfigurationPlatforms) = preSolution
		Debug|Any CPU = Debug|Any CPU
		Release|Any CPU = Release|Any CPU
	EndGlobalSection
	GlobalSection(ProjectConfigurationPlatforms) = postSolution
		{07520F00-1FB7-4938-9952-CE4D1EC28E1A}.Debug|Any CPU.ActiveCfg = Debug|Any CPU
		{07520F00-1FB7-4938-9952-CE4D1EC28E1A}.Debug|Any CPU.Build.0 = Debug|Any CPU
		{07520F00-1FB7-4938-9952-CE4D1EC28E1A}.Release|Any CPU.ActiveCfg = Release|Any CPU
		{07520F00-1FB7-4938-9952-CE4D1EC28E1A}.Release|Any CPU.Build.0 = Release|Any CPU
	EndGlobalSection
	GlobalSection(SolutionProperties) = preSolution
		HideSolutionNode = FALSE
	EndGlobalSection
	GlobalSection(ExtensibilityGlobals) = postSolution
		SolutionGuid = {8592E828-A8AA-4B45-9F27-C2CB838EC4D6}
	EndGlobalSection
EndGlobal
